lockfileVersion: 5.3

specifiers:
  '@nestjs/microservices': ^8.4.4

dependencies:
  '@nestjs/microservices': 8.4.4

packages:

  /@nestjs/microservices/8.4.4:
    resolution: {integrity: sha512-V1xBs5mBFaWGF7RuLSQBG9ydcvX+j8RxHnk9pYF2I5kBdWt7AyTuG2qMt7es06HXEbgUmavw/zn+P6Q2WQIS5A==}
    peerDependencies:
      '@grpc/grpc-js': '*'
      '@nestjs/common': ^8.0.0
      '@nestjs/core': ^8.0.0
      '@nestjs/websockets': ^8.0.0
      amqp-connection-manager: '*'
      amqplib: '*'
      cache-manager: '*'
      kafkajs: '*'
      mqtt: '*'
      nats: '*'
      redis: '*'
      reflect-metadata: ^0.1.12
      rxjs: ^7.1.0
    peerDependenciesMeta:
      '@grpc/grpc-js':
        optional: true
      '@nestjs/websockets':
        optional: true
      amqp-connection-manager:
        optional: true
      amqplib:
        optional: true
      cache-manager:
        optional: true
      kafkajs:
        optional: true
      mqtt:
        optional: true
      nats:
        optional: true
      redis:
        optional: true
    dependencies:
      iterare: 1.2.1
      json-socket: 0.3.0
      tslib: 2.3.1
    dev: false

  /iterare/1.2.1:
    resolution: {integrity: sha512-RKYVTCjAnRthyJes037NX/IiqeidgN1xc3j1RjFfECFp28A1GVwK9nA+i0rJPaHqSZwygLzRnFlzUuHFoWWy+Q==}
    engines: {node: '>=6'}
    dev: false

  /json-socket/0.3.0:
    resolution: {integrity: sha512-jc8ZbUnYIWdxERFWQKVgwSLkGSe+kyzvmYxwNaRgx/c8NNyuHes4UHnPM3LUrAFXUx1BhNJ94n1h/KCRlbvV0g==}
    dev: false

  /tslib/2.3.1:
    resolution: {integrity: sha512-77EbyPPpMz+FRFRuAFlWMtmgUWGe9UOG2Z25NqCwiIjRhOf5iKGuzSe5P2w1laq+FkRy4p+PCuVkJSGkzTEKVw==}
    dev: false
